// !$*UTF8*$!
{
	archiveVersion = 1;
	classes = {
	};
	objectVersion = 45;
	objects = {

/* Begin PBXBuildFile section */
		1100210F11D04A640046072D /* DKDrawerCell.m in Sources */ = {isa = PBXBuildFile; fileRef = 1100210E11D04A640046072D /* DKDrawerCell.m */; };
		110021D311D053E70046072D /* DKApplicationRegistration.m in Sources */ = {isa = PBXBuildFile; fileRef = 110021D211D053E70046072D /* DKApplicationRegistration.m */; };
		111F001611CDE11D004AED24 /* QuartzCore.framework in Frameworks */ = {isa = PBXBuildFile; fileRef = 111F001511CDE11D004AED24 /* QuartzCore.framework */; };
		111F011D11CE2756004AED24 /* DKDropTarget.m in Sources */ = {isa = PBXBuildFile; fileRef = 111F011C11CE2756004AED24 /* DKDropTarget.m */; };
		111F3618117E9E2200B72C00 /* DKDragViewController.m in Sources */ = {isa = PBXBuildFile; fileRef = 111F3616117E9E2200B72C00 /* DKDragViewController.m */; };
		111FFFAF11CDDC72004AED24 /* DKDrawerViewController.m in Sources */ = {isa = PBXBuildFile; fileRef = 111FFFAE11CDDC72004AED24 /* DKDrawerViewController.m */; };
		111FFFD611CDDDCF004AED24 /* AQGridView.m in Sources */ = {isa = PBXBuildFile; fileRef = 111FFFC411CDDDCF004AED24 /* AQGridView.m */; };
		111FFFD711CDDDCF004AED24 /* AQGridViewCell.m in Sources */ = {isa = PBXBuildFile; fileRef = 111FFFC811CDDDCF004AED24 /* AQGridViewCell.m */; };
		111FFFD811CDDDCF004AED24 /* AQGridViewController.m in Sources */ = {isa = PBXBuildFile; fileRef = 111FFFCB11CDDDCF004AED24 /* AQGridViewController.m */; };
		111FFFD911CDDDCF004AED24 /* AQGridViewData.m in Sources */ = {isa = PBXBuildFile; fileRef = 111FFFCD11CDDDCF004AED24 /* AQGridViewData.m */; };
		111FFFDA11CDDDCF004AED24 /* AQGridViewUpdateInfo.m in Sources */ = {isa = PBXBuildFile; fileRef = 111FFFCF11CDDDCF004AED24 /* AQGridViewUpdateInfo.m */; };
		111FFFDB11CDDDCF004AED24 /* AQGridViewUpdateItem.m in Sources */ = {isa = PBXBuildFile; fileRef = 111FFFD111CDDDCF004AED24 /* AQGridViewUpdateItem.m */; };
		111FFFDC11CDDDCF004AED24 /* NSIndexSet+AQIsSetContiguous.m in Sources */ = {isa = PBXBuildFile; fileRef = 111FFFD311CDDDCF004AED24 /* NSIndexSet+AQIsSetContiguous.m */; };
		111FFFDD11CDDDCF004AED24 /* UIColor+AQGridView.m in Sources */ = {isa = PBXBuildFile; fileRef = 111FFFD511CDDDCF004AED24 /* UIColor+AQGridView.m */; };
		112284CE1214D5C0007165D3 /* DKHoldingAreaViewController.m in Sources */ = {isa = PBXBuildFile; fileRef = 112284CD1214D5C0007165D3 /* DKHoldingAreaViewController.m */; };
		1150E4B3120E40C6008902F8 /* GameKit.framework in Frameworks */ = {isa = PBXBuildFile; fileRef = 1150E4B2120E40C6008902F8 /* GameKit.framework */; };
		1150E4EE120E4E56008902F8 /* DKExternalApplicationRegistration.m in Sources */ = {isa = PBXBuildFile; fileRef = 1150E4ED120E4E56008902F8 /* DKExternalApplicationRegistration.m */; };
		117462A211CD95C300BAD1D9 /* drag_view_background.png in Resources */ = {isa = PBXBuildFile; fileRef = 117462A011CD95C300BAD1D9 /* drag_view_background.png */; };
		117462A311CD95C300BAD1D9 /* drag_view_background@2x.png in Resources */ = {isa = PBXBuildFile; fileRef = 117462A111CD95C300BAD1D9 /* drag_view_background@2x.png */; };
		11DF18E3117EA17B00233A48 /* DKDragView.m in Sources */ = {isa = PBXBuildFile; fileRef = 11DF18E2117EA17B00233A48 /* DKDragView.m */; };
		11DF18ED117EA66E00233A48 /* DKDragDropServer.m in Sources */ = {isa = PBXBuildFile; fileRef = 11DF18EC117EA66E00233A48 /* DKDragDropServer.m */; };
		1D60589B0D05DD56006BFB54 /* main.m in Sources */ = {isa = PBXBuildFile; fileRef = 29B97316FDCFA39411CA2CEA /* main.m */; };
		1D60589F0D05DD5A006BFB54 /* Foundation.framework in Frameworks */ = {isa = PBXBuildFile; fileRef = 1D30AB110D05D00D00671497 /* Foundation.framework */; };
		1DF5F4E00D08C38300B7A737 /* UIKit.framework in Frameworks */ = {isa = PBXBuildFile; fileRef = 1DF5F4DF0D08C38300B7A737 /* UIKit.framework */; };
		2860E328111B887F00E27156 /* AppDelegate_Phone.m in Sources */ = {isa = PBXBuildFile; fileRef = 2860E326111B887F00E27156 /* AppDelegate_Phone.m */; };
		2860E329111B887F00E27156 /* MainWindow_Phone.xib in Resources */ = {isa = PBXBuildFile; fileRef = 2860E327111B887F00E27156 /* MainWindow_Phone.xib */; };
		2860E32E111B888700E27156 /* AppDelegate_Pad.m in Sources */ = {isa = PBXBuildFile; fileRef = 2860E32C111B888700E27156 /* AppDelegate_Pad.m */; };
		2860E32F111B888700E27156 /* MainWindow_Pad.xib in Resources */ = {isa = PBXBuildFile; fileRef = 2860E32D111B888700E27156 /* MainWindow_Pad.xib */; };
		288765FD0DF74451002DB57D /* CoreGraphics.framework in Frameworks */ = {isa = PBXBuildFile; fileRef = 288765FC0DF74451002DB57D /* CoreGraphics.framework */; };
/* End PBXBuildFile section */

/* Begin PBXFileReference section */
		1100210D11D04A640046072D /* DKDrawerCell.h */ = {isa = PBXFileReference; fileEncoding = 4; lastKnownFileType = sourcecode.c.h; path = DKDrawerCell.h; sourceTree = "<group>"; };
		1100210E11D04A640046072D /* DKDrawerCell.m */ = {isa = PBXFileReference; fileEncoding = 4; lastKnownFileType = sourcecode.c.objc; path = DKDrawerCell.m; sourceTree = "<group>"; };
		110021D111D053E70046072D /* DKApplicationRegistration.h */ = {isa = PBXFileReference; fileEncoding = 4; lastKnownFileType = sourcecode.c.h; path = DKApplicationRegistration.h; sourceTree = "<group>"; };
		110021D211D053E70046072D /* DKApplicationRegistration.m */ = {isa = PBXFileReference; fileEncoding = 4; lastKnownFileType = sourcecode.c.objc; path = DKApplicationRegistration.m; sourceTree = "<group>"; };
		111F001511CDE11D004AED24 /* QuartzCore.framework */ = {isa = PBXFileReference; lastKnownFileType = wrapper.framework; name = QuartzCore.framework; path = System/Library/Frameworks/QuartzCore.framework; sourceTree = SDKROOT; };
		111F011B11CE2756004AED24 /* DKDropTarget.h */ = {isa = PBXFileReference; fileEncoding = 4; lastKnownFileType = sourcecode.c.h; path = DKDropTarget.h; sourceTree = "<group>"; };
		111F011C11CE2756004AED24 /* DKDropTarget.m */ = {isa = PBXFileReference; fileEncoding = 4; lastKnownFileType = sourcecode.c.objc; path = DKDropTarget.m; sourceTree = "<group>"; };
		111F3615117E9E2200B72C00 /* DKDragViewController.h */ = {isa = PBXFileReference; fileEncoding = 4; lastKnownFileType = sourcecode.c.h; path = DKDragViewController.h; sourceTree = "<group>"; };
		111F3616117E9E2200B72C00 /* DKDragViewController.m */ = {isa = PBXFileReference; fileEncoding = 4; lastKnownFileType = sourcecode.c.objc; path = DKDragViewController.m; sourceTree = "<group>"; };
		111FFFAD11CDDC72004AED24 /* DKDrawerViewController.h */ = {isa = PBXFileReference; fileEncoding = 4; lastKnownFileType = sourcecode.c.h; path = DKDrawerViewController.h; sourceTree = "<group>"; };
		111FFFAE11CDDC72004AED24 /* DKDrawerViewController.m */ = {isa = PBXFileReference; fileEncoding = 4; lastKnownFileType = sourcecode.c.objc; path = DKDrawerViewController.m; sourceTree = "<group>"; };
		111FFFC311CDDDCF004AED24 /* AQGridView.h */ = {isa = PBXFileReference; fileEncoding = 4; lastKnownFileType = sourcecode.c.h; name = AQGridView.h; path = ../AQGridView/Classes/AQGridView.h; sourceTree = SOURCE_ROOT; };
		111FFFC411CDDDCF004AED24 /* AQGridView.m */ = {isa = PBXFileReference; fileEncoding = 4; lastKnownFileType = sourcecode.c.objc; name = AQGridView.m; path = ../AQGridView/Classes/AQGridView.m; sourceTree = SOURCE_ROOT; };
		111FFFC511CDDDCF004AED24 /* AQGridView+CellLayout.h */ = {isa = PBXFileReference; fileEncoding = 4; lastKnownFileType = sourcecode.c.h; name = "AQGridView+CellLayout.h"; path = "../AQGridView/Classes/AQGridView+CellLayout.h"; sourceTree = SOURCE_ROOT; };
		111FFFC611CDDDCF004AED24 /* AQGridView+CellLocationDelegation.h */ = {isa = PBXFileReference; fileEncoding = 4; lastKnownFileType = sourcecode.c.h; name = "AQGridView+CellLocationDelegation.h"; path = "../AQGridView/Classes/AQGridView+CellLocationDelegation.h"; sourceTree = SOURCE_ROOT; };
		111FFFC711CDDDCF004AED24 /* AQGridViewCell.h */ = {isa = PBXFileReference; fileEncoding = 4; lastKnownFileType = sourcecode.c.h; name = AQGridViewCell.h; path = ../AQGridView/Classes/AQGridViewCell.h; sourceTree = SOURCE_ROOT; };
		111FFFC811CDDDCF004AED24 /* AQGridViewCell.m */ = {isa = PBXFileReference; fileEncoding = 4; lastKnownFileType = sourcecode.c.objc; name = AQGridViewCell.m; path = ../AQGridView/Classes/AQGridViewCell.m; sourceTree = SOURCE_ROOT; };
		111FFFC911CDDDCF004AED24 /* AQGridViewCell+AQGridViewCellPrivate.h */ = {isa = PBXFileReference; fileEncoding = 4; lastKnownFileType = sourcecode.c.h; name = "AQGridViewCell+AQGridViewCellPrivate.h"; path = "../AQGridView/Classes/AQGridViewCell+AQGridViewCellPrivate.h"; sourceTree = SOURCE_ROOT; };
		111FFFCA11CDDDCF004AED24 /* AQGridViewController.h */ = {isa = PBXFileReference; fileEncoding = 4; lastKnownFileType = sourcecode.c.h; name = AQGridViewController.h; path = ../AQGridView/Classes/AQGridViewController.h; sourceTree = SOURCE_ROOT; };
		111FFFCB11CDDDCF004AED24 /* AQGridViewController.m */ = {isa = PBXFileReference; fileEncoding = 4; lastKnownFileType = sourcecode.c.objc; name = AQGridViewController.m; path = ../AQGridView/Classes/AQGridViewController.m; sourceTree = SOURCE_ROOT; };
		111FFFCC11CDDDCF004AED24 /* AQGridViewData.h */ = {isa = PBXFileReference; fileEncoding = 4; lastKnownFileType = sourcecode.c.h; name = AQGridViewData.h; path = ../AQGridView/Classes/AQGridViewData.h; sourceTree = SOURCE_ROOT; };
		111FFFCD11CDDDCF004AED24 /* AQGridViewData.m */ = {isa = PBXFileReference; fileEncoding = 4; lastKnownFileType = sourcecode.c.objc; name = AQGridViewData.m; path = ../AQGridView/Classes/AQGridViewData.m; sourceTree = SOURCE_ROOT; };
		111FFFCE11CDDDCF004AED24 /* AQGridViewUpdateInfo.h */ = {isa = PBXFileReference; fileEncoding = 4; lastKnownFileType = sourcecode.c.h; name = AQGridViewUpdateInfo.h; path = ../AQGridView/Classes/AQGridViewUpdateInfo.h; sourceTree = SOURCE_ROOT; };
		111FFFCF11CDDDCF004AED24 /* AQGridViewUpdateInfo.m */ = {isa = PBXFileReference; fileEncoding = 4; lastKnownFileType = sourcecode.c.objc; name = AQGridViewUpdateInfo.m; path = ../AQGridView/Classes/AQGridViewUpdateInfo.m; sourceTree = SOURCE_ROOT; };
		111FFFD011CDDDCF004AED24 /* AQGridViewUpdateItem.h */ = {isa = PBXFileReference; fileEncoding = 4; lastKnownFileType = sourcecode.c.h; name = AQGridViewUpdateItem.h; path = ../AQGridView/Classes/AQGridViewUpdateItem.h; sourceTree = SOURCE_ROOT; };
		111FFFD111CDDDCF004AED24 /* AQGridViewUpdateItem.m */ = {isa = PBXFileReference; fileEncoding = 4; lastKnownFileType = sourcecode.c.objc; name = AQGridViewUpdateItem.m; path = ../AQGridView/Classes/AQGridViewUpdateItem.m; sourceTree = SOURCE_ROOT; };
		111FFFD211CDDDCF004AED24 /* NSIndexSet+AQIsSetContiguous.h */ = {isa = PBXFileReference; fileEncoding = 4; lastKnownFileType = sourcecode.c.h; name = "NSIndexSet+AQIsSetContiguous.h"; path = "../AQGridView/Classes/NSIndexSet+AQIsSetContiguous.h"; sourceTree = SOURCE_ROOT; };
		111FFFD311CDDDCF004AED24 /* NSIndexSet+AQIsSetContiguous.m */ = {isa = PBXFileReference; fileEncoding = 4; lastKnownFileType = sourcecode.c.objc; name = "NSIndexSet+AQIsSetContiguous.m"; path = "../AQGridView/Classes/NSIndexSet+AQIsSetContiguous.m"; sourceTree = SOURCE_ROOT; };
		111FFFD411CDDDCF004AED24 /* UIColor+AQGridView.h */ = {isa = PBXFileReference; fileEncoding = 4; lastKnownFileType = sourcecode.c.h; name = "UIColor+AQGridView.h"; path = "../AQGridView/Classes/UIColor+AQGridView.h"; sourceTree = SOURCE_ROOT; };
		111FFFD511CDDDCF004AED24 /* UIColor+AQGridView.m */ = {isa = PBXFileReference; fileEncoding = 4; lastKnownFileType = sourcecode.c.objc; name = "UIColor+AQGridView.m"; path = "../AQGridView/Classes/UIColor+AQGridView.m"; sourceTree = SOURCE_ROOT; };
		112284CC1214D5C0007165D3 /* DKHoldingAreaViewController.h */ = {isa = PBXFileReference; fileEncoding = 4; lastKnownFileType = sourcecode.c.h; path = DKHoldingAreaViewController.h; sourceTree = "<group>"; };
		112284CD1214D5C0007165D3 /* DKHoldingAreaViewController.m */ = {isa = PBXFileReference; fileEncoding = 4; lastKnownFileType = sourcecode.c.objc; path = DKHoldingAreaViewController.m; sourceTree = "<group>"; };
		1150E4B2120E40C6008902F8 /* GameKit.framework */ = {isa = PBXFileReference; lastKnownFileType = wrapper.framework; name = GameKit.framework; path = System/Library/Frameworks/GameKit.framework; sourceTree = SDKROOT; };
		1150E4EC120E4E56008902F8 /* DKExternalApplicationRegistration.h */ = {isa = PBXFileReference; fileEncoding = 4; lastKnownFileType = sourcecode.c.h; path = DKExternalApplicationRegistration.h; sourceTree = "<group>"; };
		1150E4ED120E4E56008902F8 /* DKExternalApplicationRegistration.m */ = {isa = PBXFileReference; fileEncoding = 4; lastKnownFileType = sourcecode.c.objc; path = DKExternalApplicationRegistration.m; sourceTree = "<group>"; };
		117462A011CD95C300BAD1D9 /* drag_view_background.png */ = {isa = PBXFileReference; lastKnownFileType = image.png; path = drag_view_background.png; sourceTree = "<group>"; };
		117462A111CD95C300BAD1D9 /* drag_view_background@2x.png */ = {isa = PBXFileReference; lastKnownFileType = image.png; path = "drag_view_background@2x.png"; sourceTree = "<group>"; };
		11AB612811D1C8BA00D13C90 /* DragKit.h */ = {isa = PBXFileReference; fileEncoding = 4; lastKnownFileType = sourcecode.c.h; path = DragKit.h; sourceTree = "<group>"; };
		11DF18E1117EA17B00233A48 /* DKDragView.h */ = {isa = PBXFileReference; fileEncoding = 4; lastKnownFileType = sourcecode.c.h; path = DKDragView.h; sourceTree = "<group>"; };
		11DF18E2117EA17B00233A48 /* DKDragView.m */ = {isa = PBXFileReference; fileEncoding = 4; lastKnownFileType = sourcecode.c.objc; path = DKDragView.m; sourceTree = "<group>"; };
		11DF18EB117EA66E00233A48 /* DKDragDropServer.h */ = {isa = PBXFileReference; fileEncoding = 4; lastKnownFileType = sourcecode.c.h; path = DKDragDropServer.h; sourceTree = "<group>"; };
		11DF18EC117EA66E00233A48 /* DKDragDropServer.m */ = {isa = PBXFileReference; fileEncoding = 4; lastKnownFileType = sourcecode.c.objc; path = DKDragDropServer.m; sourceTree = "<group>"; };
		1D30AB110D05D00D00671497 /* Foundation.framework */ = {isa = PBXFileReference; lastKnownFileType = wrapper.framework; name = Foundation.framework; path = System/Library/Frameworks/Foundation.framework; sourceTree = SDKROOT; };
		1D6058910D05DD3D006BFB54 /* Drag.app */ = {isa = PBXFileReference; explicitFileType = wrapper.application; includeInIndex = 0; path = Drag.app; sourceTree = BUILT_PRODUCTS_DIR; };
		1DF5F4DF0D08C38300B7A737 /* UIKit.framework */ = {isa = PBXFileReference; lastKnownFileType = wrapper.framework; name = UIKit.framework; path = System/Library/Frameworks/UIKit.framework; sourceTree = SDKROOT; };
		2860E325111B887F00E27156 /* AppDelegate_Phone.h */ = {isa = PBXFileReference; fileEncoding = 4; lastKnownFileType = sourcecode.c.h; path = AppDelegate_Phone.h; sourceTree = "<group>"; };
		2860E326111B887F00E27156 /* AppDelegate_Phone.m */ = {isa = PBXFileReference; fileEncoding = 4; lastKnownFileType = sourcecode.c.objc; path = AppDelegate_Phone.m; sourceTree = "<group>"; };
		2860E327111B887F00E27156 /* MainWindow_Phone.xib */ = {isa = PBXFileReference; lastKnownFileType = file.xib; path = MainWindow_Phone.xib; sourceTree = "<group>"; };
		2860E32B111B888700E27156 /* AppDelegate_Pad.h */ = {isa = PBXFileReference; fileEncoding = 4; lastKnownFileType = sourcecode.c.h; path = AppDelegate_Pad.h; sourceTree = "<group>"; };
		2860E32C111B888700E27156 /* AppDelegate_Pad.m */ = {isa = PBXFileReference; fileEncoding = 4; lastKnownFileType = sourcecode.c.objc; path = AppDelegate_Pad.m; sourceTree = "<group>"; };
		2860E32D111B888700E27156 /* MainWindow_Pad.xib */ = {isa = PBXFileReference; lastKnownFileType = file.xib; path = MainWindow_Pad.xib; sourceTree = "<group>"; };
		288765FC0DF74451002DB57D /* CoreGraphics.framework */ = {isa = PBXFileReference; lastKnownFileType = wrapper.framework; name = CoreGraphics.framework; path = System/Library/Frameworks/CoreGraphics.framework; sourceTree = SDKROOT; };
		29B97316FDCFA39411CA2CEA /* main.m */ = {isa = PBXFileReference; fileEncoding = 4; lastKnownFileType = sourcecode.c.objc; name = main.m; path = Shared/main.m; sourceTree = "<group>"; };
		32CA4F630368D1EE00C91783 /* Drag_Prefix.pch */ = {isa = PBXFileReference; fileEncoding = 4; lastKnownFileType = sourcecode.c.h; path = Drag_Prefix.pch; sourceTree = "<group>"; };
		8D1107310486CEB800E47090 /* Drag-Info.plist */ = {isa = PBXFileReference; fileEncoding = 4; lastKnownFileType = text.plist.xml; path = "Drag-Info.plist"; plistStructureDefinitionIdentifier = "com.apple.xcode.plist.structure-definition.iphone.info-plist"; sourceTree = "<group>"; };
/* End PBXFileReference section */

/* Begin PBXFrameworksBuildPhase section */
		1D60588F0D05DD3D006BFB54 /* Frameworks */ = {
			isa = PBXFrameworksBuildPhase;
			buildActionMask = 2147483647;
			files = (
				1D60589F0D05DD5A006BFB54 /* Foundation.framework in Frameworks */,
				1DF5F4E00D08C38300B7A737 /* UIKit.framework in Frameworks */,
				288765FD0DF74451002DB57D /* CoreGraphics.framework in Frameworks */,
				111F001611CDE11D004AED24 /* QuartzCore.framework in Frameworks */,
				1150E4B3120E40C6008902F8 /* GameKit.framework in Frameworks */,
			);
			runOnlyForDeploymentPostprocessing = 0;
		};
/* End PBXFrameworksBuildPhase section */

/* Begin PBXGroup section */
		111FFFC011CDDDB9004AED24 /* AQGridView */ = {
			isa = PBXGroup;
			children = (
				111FFFC311CDDDCF004AED24 /* AQGridView.h */,
				111FFFC411CDDDCF004AED24 /* AQGridView.m */,
				111FFFC511CDDDCF004AED24 /* AQGridView+CellLayout.h */,
				111FFFC611CDDDCF004AED24 /* AQGridView+CellLocationDelegation.h */,
				111FFFC711CDDDCF004AED24 /* AQGridViewCell.h */,
				111FFFC811CDDDCF004AED24 /* AQGridViewCell.m */,
				111FFFC911CDDDCF004AED24 /* AQGridViewCell+AQGridViewCellPrivate.h */,
				111FFFCA11CDDDCF004AED24 /* AQGridViewController.h */,
				111FFFCB11CDDDCF004AED24 /* AQGridViewController.m */,
				111FFFCC11CDDDCF004AED24 /* AQGridViewData.h */,
				111FFFCD11CDDDCF004AED24 /* AQGridViewData.m */,
				111FFFCE11CDDDCF004AED24 /* AQGridViewUpdateInfo.h */,
				111FFFCF11CDDDCF004AED24 /* AQGridViewUpdateInfo.m */,
				111FFFD011CDDDCF004AED24 /* AQGridViewUpdateItem.h */,
				111FFFD111CDDDCF004AED24 /* AQGridViewUpdateItem.m */,
				111FFFD211CDDDCF004AED24 /* NSIndexSet+AQIsSetContiguous.h */,
				111FFFD311CDDDCF004AED24 /* NSIndexSet+AQIsSetContiguous.m */,
				111FFFD411CDDDCF004AED24 /* UIColor+AQGridView.h */,
				111FFFD511CDDDCF004AED24 /* UIColor+AQGridView.m */,
			);
			name = AQGridView;
			sourceTree = "<group>";
		};
		1174629E11CD95B700BAD1D9 /* Resources */ = {
			isa = PBXGroup;
			children = (
				117462A011CD95C300BAD1D9 /* drag_view_background.png */,
				117462A111CD95C300BAD1D9 /* drag_view_background@2x.png */,
			);
			name = Resources;
			sourceTree = "<group>";
		};
		11E6EFD611F6A06A00F1F29C /* DragKit */ = {
			isa = PBXGroup;
			children = (
				11AB612811D1C8BA00D13C90 /* DragKit.h */,
				11DF18EB117EA66E00233A48 /* DKDragDropServer.h */,
				11DF18EC117EA66E00233A48 /* DKDragDropServer.m */,
				112284CC1214D5C0007165D3 /* DKHoldingAreaViewController.h */,
				112284CD1214D5C0007165D3 /* DKHoldingAreaViewController.m */,
				110021D111D053E70046072D /* DKApplicationRegistration.h */,
				110021D211D053E70046072D /* DKApplicationRegistration.m */,
				1150E4EC120E4E56008902F8 /* DKExternalApplicationRegistration.h */,
				1150E4ED120E4E56008902F8 /* DKExternalApplicationRegistration.m */,
				111F011B11CE2756004AED24 /* DKDropTarget.h */,
				111F011C11CE2756004AED24 /* DKDropTarget.m */,
				11E6EFD911F6A08D00F1F29C /* Drawer */,
			);
			name = DragKit;
			sourceTree = "<group>";
		};
		11E6EFD911F6A08D00F1F29C /* Drawer */ = {
			isa = PBXGroup;
			children = (
				111FFFAD11CDDC72004AED24 /* DKDrawerViewController.h */,
				111FFFAE11CDDC72004AED24 /* DKDrawerViewController.m */,
				1100210D11D04A640046072D /* DKDrawerCell.h */,
				1100210E11D04A640046072D /* DKDrawerCell.m */,
			);
			name = Drawer;
			sourceTree = "<group>";
		};
		19C28FACFE9D520D11CA2CBB /* Products */ = {
			isa = PBXGroup;
			children = (
				1D6058910D05DD3D006BFB54 /* Drag.app */,
			);
			name = Products;
			sourceTree = "<group>";
		};
		2860E324111B887F00E27156 /* iPhone */ = {
			isa = PBXGroup;
			children = (
				2860E325111B887F00E27156 /* AppDelegate_Phone.h */,
				2860E326111B887F00E27156 /* AppDelegate_Phone.m */,
				2860E327111B887F00E27156 /* MainWindow_Phone.xib */,
			);
			path = iPhone;
			sourceTree = "<group>";
		};
		2860E32A111B888700E27156 /* iPad */ = {
			isa = PBXGroup;
			children = (
				2860E32B111B888700E27156 /* AppDelegate_Pad.h */,
				2860E32C111B888700E27156 /* AppDelegate_Pad.m */,
				2860E32D111B888700E27156 /* MainWindow_Pad.xib */,
			);
			path = iPad;
			sourceTree = "<group>";
		};
		28EEBF621118D79A00187D67 /* Shared */ = {
			isa = PBXGroup;
			children = (
				111FFFC011CDDDB9004AED24 /* AQGridView */,
				1174629E11CD95B700BAD1D9 /* Resources */,
				8D1107310486CEB800E47090 /* Drag-Info.plist */,
			);
			name = Shared;
			sourceTree = "<group>";
		};
		29B97314FDCFA39411CA2CEA /* CustomTemplate */ = {
			isa = PBXGroup;
			children = (
				111F3615117E9E2200B72C00 /* DKDragViewController.h */,
				111F3616117E9E2200B72C00 /* DKDragViewController.m */,
				11DF18E1117EA17B00233A48 /* DKDragView.h */,
				11DF18E2117EA17B00233A48 /* DKDragView.m */,
				11E6EFD611F6A06A00F1F29C /* DragKit */,
				2860E32A111B888700E27156 /* iPad */,
				2860E324111B887F00E27156 /* iPhone */,
				28EEBF621118D79A00187D67 /* Shared */,
				29B97315FDCFA39411CA2CEA /* Other Sources */,
				29B97323FDCFA39411CA2CEA /* Frameworks */,
				19C28FACFE9D520D11CA2CBB /* Products */,
			);
			name = CustomTemplate;
			sourceTree = "<group>";
		};
		29B97315FDCFA39411CA2CEA /* Other Sources */ = {
			isa = PBXGroup;
			children = (
				32CA4F630368D1EE00C91783 /* Drag_Prefix.pch */,
				29B97316FDCFA39411CA2CEA /* main.m */,
			);
			name = "Other Sources";
			sourceTree = "<group>";
		};
		29B97323FDCFA39411CA2CEA /* Frameworks */ = {
			isa = PBXGroup;
			children = (
				1DF5F4DF0D08C38300B7A737 /* UIKit.framework */,
				1D30AB110D05D00D00671497 /* Foundation.framework */,
				288765FC0DF74451002DB57D /* CoreGraphics.framework */,
				111F001511CDE11D004AED24 /* QuartzCore.framework */,
				1150E4B2120E40C6008902F8 /* GameKit.framework */,
			);
			name = Frameworks;
			sourceTree = "<group>";
		};
/* End PBXGroup section */

/* Begin PBXNativeTarget section */
		1D6058900D05DD3D006BFB54 /* Drag */ = {
			isa = PBXNativeTarget;
			buildConfigurationList = 1D6058960D05DD3E006BFB54 /* Build configuration list for PBXNativeTarget "Drag" */;
			buildPhases = (
				1D60588D0D05DD3D006BFB54 /* Resources */,
				1D60588E0D05DD3D006BFB54 /* Sources */,
				1D60588F0D05DD3D006BFB54 /* Frameworks */,
			);
			buildRules = (
			);
			dependencies = (
			);
			name = Drag;
			productName = Drag;
			productReference = 1D6058910D05DD3D006BFB54 /* Drag.app */;
			productType = "com.apple.product-type.application";
		};
/* End PBXNativeTarget section */

/* Begin PBXProject section */
		29B97313FDCFA39411CA2CEA /* Project object */ = {
			isa = PBXProject;
			attributes = {
				ORGANIZATIONNAME = "Zac White";
			};
			buildConfigurationList = C01FCF4E08A954540054247B /* Build configuration list for PBXProject "Drag" */;
			compatibilityVersion = "Xcode 3.1";
			hasScannedForEncodings = 1;
			mainGroup = 29B97314FDCFA39411CA2CEA /* CustomTemplate */;
			projectDirPath = "";
			projectRoot = "";
			targets = (
				1D6058900D05DD3D006BFB54 /* Drag */,
			);
		};
/* End PBXProject section */

/* Begin PBXResourcesBuildPhase section */
		1D60588D0D05DD3D006BFB54 /* Resources */ = {
			isa = PBXResourcesBuildPhase;
			buildActionMask = 2147483647;
			files = (
				2860E329111B887F00E27156 /* MainWindow_Phone.xib in Resources */,
				2860E32F111B888700E27156 /* MainWindow_Pad.xib in Resources */,
				117462A211CD95C300BAD1D9 /* drag_view_background.png in Resources */,
				117462A311CD95C300BAD1D9 /* drag_view_background@2x.png in Resources */,
			);
			runOnlyForDeploymentPostprocessing = 0;
		};
/* End PBXResourcesBuildPhase section */

/* Begin PBXSourcesBuildPhase section */
		1D60588E0D05DD3D006BFB54 /* Sources */ = {
			isa = PBXSourcesBuildPhase;
			buildActionMask = 2147483647;
			files = (
				1D60589B0D05DD56006BFB54 /* main.m in Sources */,
				2860E328111B887F00E27156 /* AppDelegate_Phone.m in Sources */,
				2860E32E111B888700E27156 /* AppDelegate_Pad.m in Sources */,
				111F3618117E9E2200B72C00 /* DKDragViewController.m in Sources */,
				11DF18E3117EA17B00233A48 /* DKDragView.m in Sources */,
				11DF18ED117EA66E00233A48 /* DKDragDropServer.m in Sources */,
				111FFFAF11CDDC72004AED24 /* DKDrawerViewController.m in Sources */,
				111FFFD611CDDDCF004AED24 /* AQGridView.m in Sources */,
				111FFFD711CDDDCF004AED24 /* AQGridViewCell.m in Sources */,
				111FFFD811CDDDCF004AED24 /* AQGridViewController.m in Sources */,
				111FFFD911CDDDCF004AED24 /* AQGridViewData.m in Sources */,
				111FFFDA11CDDDCF004AED24 /* AQGridViewUpdateInfo.m in Sources */,
				111FFFDB11CDDDCF004AED24 /* AQGridViewUpdateItem.m in Sources */,
				111FFFDC11CDDDCF004AED24 /* NSIndexSet+AQIsSetContiguous.m in Sources */,
				111FFFDD11CDDDCF004AED24 /* UIColor+AQGridView.m in Sources */,
				111F011D11CE2756004AED24 /* DKDropTarget.m in Sources */,
				1100210F11D04A640046072D /* DKDrawerCell.m in Sources */,
				110021D311D053E70046072D /* DKApplicationRegistration.m in Sources */,
				1150E4EE120E4E56008902F8 /* DKExternalApplicationRegistration.m in Sources */,
				112284CE1214D5C0007165D3 /* DKHoldingAreaViewController.m in Sources */,
			);
			runOnlyForDeploymentPostprocessing = 0;
		};
/* End PBXSourcesBuildPhase section */

/* Begin XCBuildConfiguration section */
		1D6058940D05DD3E006BFB54 /* Debug */ = {
			isa = XCBuildConfiguration;
			buildSettings = {
				ALWAYS_SEARCH_USER_PATHS = NO;
				COPY_PHASE_STRIP = NO;
				GCC_DYNAMIC_NO_PIC = NO;
				GCC_OPTIMIZATION_LEVEL = 0;
				GCC_PRECOMPILE_PREFIX_HEADER = YES;
				GCC_PREFIX_HEADER = Drag_Prefix.pch;
				INFOPLIST_FILE = "Drag-Info.plist";
				PRODUCT_NAME = Drag;
			};
			name = Debug;
		};
		1D6058950D05DD3E006BFB54 /* Release */ = {
			isa = XCBuildConfiguration;
			buildSettings = {
				ALWAYS_SEARCH_USER_PATHS = NO;
				COPY_PHASE_STRIP = YES;
				GCC_PRECOMPILE_PREFIX_HEADER = YES;
				GCC_PREFIX_HEADER = Drag_Prefix.pch;
				INFOPLIST_FILE = "Drag-Info.plist";
				PRODUCT_NAME = Drag;
				VALIDATE_PRODUCT = YES;
			};
			name = Release;
		};
		C01FCF4F08A954540054247B /* Debug */ = {
			isa = XCBuildConfiguration;
			buildSettings = {
				ARCHS = "$(ARCHS_UNIVERSAL_IPHONE_OS)";
				"CODE_SIGN_IDENTITY[sdk=iphoneos*]" = "iPhone Developer";
				GCC_C_LANGUAGE_STANDARD = c99;
				GCC_VERSION = 4.2;
				GCC_WARN_ABOUT_RETURN_TYPE = YES;
				GCC_WARN_UNUSED_VARIABLE = YES;
				IPHONEOS_DEPLOYMENT_TARGET = 3.1;
				PREBINDING = NO;
				SDKROOT = iphoneos3.2;
				TARGETED_DEVICE_FAMILY = "1,2";
			};
			name = Debug;
		};
		C01FCF5008A954540054247B /* Release */ = {
			isa = XCBuildConfiguration;
			buildSettings = {
				ARCHS = "$(ARCHS_UNIVERSAL_IPHONE_OS)";
				"CODE_SIGN_IDENTITY[sdk=iphoneos*]" = "iPhone Developer";
				GCC_C_LANGUAGE_STANDARD = c99;
				GCC_VERSION = 4.2;
				GCC_WARN_ABOUT_RETURN_TYPE = YES;
				GCC_WARN_UNUSED_VARIABLE = YES;
				IPHONEOS_DEPLOYMENT_TARGET = 3.1;
				OTHER_CFLAGS = "-DNS_BLOCK_ASSERTIONS=1";
				PREBINDING = NO;
				SDKROOT = iphoneos3.2;
				TARGETED_DEVICE_FAMILY = "1,2";
			};
			name = Release;
		};
/* End XCBuildConfiguration section */

/* Begin XCConfigurationList section */
		1D6058960D05DD3E006BFB54 /* Build configuration list for PBXNativeTarget "Drag" */ = {
			isa = XCConfigurationList;
			buildConfigurations = (
				1D6058940D05DD3E006BFB54 /* Debug */,
				1D6058950D05DD3E006BFB54 /* Release */,
			);
			defaultConfigurationIsVisible = 0;
			defaultConfigurationName = Release;
		};
		C01FCF4E08A954540054247B /* Build configuration list for PBXProject "Drag" */ = {
			isa = XCConfigurationList;
			buildConfigurations = (
				C01FCF4F08A954540054247B /* Debug */,
				C01FCF5008A954540054247B /* Release */,
			);
			defaultConfigurationIsVisible = 0;
			defaultConfigurationName = Release;
		};
/* End XCConfigurationList section */
	};
	rootObject = 29B97313FDCFA39411CA2CEA /* Project object */;
}
